
Microsoft Visual Studio Solution File, Format Version 12.00
# Visual Studio Version 17
VisualStudioVersion = 17.9.34622.214
MinimumVisualStudioVersion = 10.0.40219.1
Project("{8BC9CEB8-8B4A-11D0-8D11-00A0C91BC942}") = "6. Zigzag Conversion", "6. Zigzag Conversion.vcxproj", "{9F1E175E-BFD5-4672-9CB8-70B6763DC43C}"
EndProject
Global
	GlobalSection(SolutionConfigurationPlatforms) = preSolution
		Debug|x64 = Debug|x64
		Debug|x86 = Debug|x86
		Release|x64 = Release|x64
		Release|x86 = Release|x86
	EndGlobalSection
	GlobalSection(ProjectConfigurationPlatforms) = postSolution
		{9F1E175E-BFD5-4672-9CB8-70B6763DC43C}.Debug|x64.ActiveCfg = Debug|x64
		{9F1E175E-BFD5-4672-9CB8-70B6763DC43C}.Debug|x64.Build.0 = Debug|x64
		{9F1E175E-BFD5-4672-9CB8-70B6763DC43C}.Debug|x86.ActiveCfg = Debug|Win32
		{9F1E175E-BFD5-4672-9CB8-70B6763DC43C}.Debug|x86.Build.0 = Debug|Win32
		{9F1E175E-BFD5-4672-9CB8-70B6763DC43C}.Release|x64.ActiveCfg = Release|x64
		{9F1E175E-BFD5-4672-9CB8-70B6763DC43C}.Release|x64.Build.0 = Release|x64
		{9F1E175E-BFD5-4672-9CB8-70B6763DC43C}.Release|x86.ActiveCfg = Release|Win32
		{9F1E175E-BFD5-4672-9CB8-70B6763DC43C}.Release|x86.Build.0 = Release|Win32
	EndGlobalSection
	GlobalSection(SolutionProperties) = preSolution
		HideSolutionNode = FALSE
	EndGlobalSection
	GlobalSection(ExtensibilityGlobals) = postSolution
		SolutionGuid = {0D1D10F4-1CBC-4207-86CC-E2606AED8501}
	EndGlobalSection
EndGlobal
