
Microsoft Visual Studio Solution File, Format Version 12.00
# Visual Studio Version 17
VisualStudioVersion = 17.9.34622.214
MinimumVisualStudioVersion = 10.0.40219.1
Project("{8BC9CEB8-8B4A-11D0-8D11-00A0C91BC942}") = "19. Remove Nth Node From End of List", "19. Remove Nth Node From End of List.vcxproj", "{F4A10354-A864-4F38-B706-31846B53D98E}"
EndProject
Global
	GlobalSection(SolutionConfigurationPlatforms) = preSolution
		Debug|x64 = Debug|x64
		Debug|x86 = Debug|x86
		Release|x64 = Release|x64
		Release|x86 = Release|x86
	EndGlobalSection
	GlobalSection(ProjectConfigurationPlatforms) = postSolution
		{F4A10354-A864-4F38-B706-31846B53D98E}.Debug|x64.ActiveCfg = Debug|x64
		{F4A10354-A864-4F38-B706-31846B53D98E}.Debug|x64.Build.0 = Debug|x64
		{F4A10354-A864-4F38-B706-31846B53D98E}.Debug|x86.ActiveCfg = Debug|Win32
		{F4A10354-A864-4F38-B706-31846B53D98E}.Debug|x86.Build.0 = Debug|Win32
		{F4A10354-A864-4F38-B706-31846B53D98E}.Release|x64.ActiveCfg = Release|x64
		{F4A10354-A864-4F38-B706-31846B53D98E}.Release|x64.Build.0 = Release|x64
		{F4A10354-A864-4F38-B706-31846B53D98E}.Release|x86.ActiveCfg = Release|Win32
		{F4A10354-A864-4F38-B706-31846B53D98E}.Release|x86.Build.0 = Release|Win32
	EndGlobalSection
	GlobalSection(SolutionProperties) = preSolution
		HideSolutionNode = FALSE
	EndGlobalSection
	GlobalSection(ExtensibilityGlobals) = postSolution
		SolutionGuid = {657C3281-CA76-4CFF-A0A6-0752E3679024}
	EndGlobalSection
EndGlobal
