
Microsoft Visual Studio Solution File, Format Version 12.00
# Visual Studio Version 17
VisualStudioVersion = 17.9.34622.214
MinimumVisualStudioVersion = 10.0.40219.1
Project("{8BC9CEB8-8B4A-11D0-8D11-00A0C91BC942}") = "64. Minimum Path Sum", "64. Minimum Path Sum.vcxproj", "{68AB3FAB-8403-498C-ADC5-86C8FCAAA316}"
EndProject
Global
	GlobalSection(SolutionConfigurationPlatforms) = preSolution
		Debug|x64 = Debug|x64
		Debug|x86 = Debug|x86
		Release|x64 = Release|x64
		Release|x86 = Release|x86
	EndGlobalSection
	GlobalSection(ProjectConfigurationPlatforms) = postSolution
		{68AB3FAB-8403-498C-ADC5-86C8FCAAA316}.Debug|x64.ActiveCfg = Debug|x64
		{68AB3FAB-8403-498C-ADC5-86C8FCAAA316}.Debug|x64.Build.0 = Debug|x64
		{68AB3FAB-8403-498C-ADC5-86C8FCAAA316}.Debug|x86.ActiveCfg = Debug|Win32
		{68AB3FAB-8403-498C-ADC5-86C8FCAAA316}.Debug|x86.Build.0 = Debug|Win32
		{68AB3FAB-8403-498C-ADC5-86C8FCAAA316}.Release|x64.ActiveCfg = Release|x64
		{68AB3FAB-8403-498C-ADC5-86C8FCAAA316}.Release|x64.Build.0 = Release|x64
		{68AB3FAB-8403-498C-ADC5-86C8FCAAA316}.Release|x86.ActiveCfg = Release|Win32
		{68AB3FAB-8403-498C-ADC5-86C8FCAAA316}.Release|x86.Build.0 = Release|Win32
	EndGlobalSection
	GlobalSection(SolutionProperties) = preSolution
		HideSolutionNode = FALSE
	EndGlobalSection
	GlobalSection(ExtensibilityGlobals) = postSolution
		SolutionGuid = {0CC3D826-02A0-42A0-A22A-4E85BD1F6D70}
	EndGlobalSection
EndGlobal
